
Microsoft Visual Studio Solution File, Format Version 12.00
# Visual Studio Version 17
VisualStudioVersion = 17.6.33801.468
MinimumVisualStudioVersion = 10.0.40219.1
Project("{2150E333-8FDC-42A3-9474-1A3956D46DE8}") = "day01", "day01", "{6C861848-A840-4281-B5EE-3A69E39361F1}"
EndProject
Project("{8BC9CEB8-8B4A-11D0-8D11-00A0C91BC942}") = "part1", "day01\part1\part1.vcxproj", "{73894D23-8C20-4460-BF81-0512A7360C29}"
EndProject
Project("{2150E333-8FDC-42A3-9474-1A3956D46DE8}") = "day02", "day02", "{4012D234-1817-43F3-8239-D9EC55858DED}"
EndProject
Project("{8BC9CEB8-8B4A-11D0-8D11-00A0C91BC942}") = "part2", "day01\part2\part2.vcxproj", "{6DFCBB0F-98B2-4B82-B3D0-8EFDD5AF8352}"
EndProject
Project("{8BC9CEB8-8B4A-11D0-8D11-00A0C91BC942}") = "part1", "day02\part1\part1.vcxproj", "{5975F0D1-0144-49A6-96C9-A5AC8BDDDF01}"
EndProject
Project("{8BC9CEB8-8B4A-11D0-8D11-00A0C91BC942}") = "part2", "day02\part2\part2.vcxproj", "{051AB44D-9280-4899-8D93-6C5C99DC3E18}"
EndProject
Project("{2150E333-8FDC-42A3-9474-1A3956D46DE8}") = "day03", "day03", "{A8D083C7-0E15-4040-BBF4-ECDD39721D0D}"
EndProject
Project("{8BC9CEB8-8B4A-11D0-8D11-00A0C91BC942}") = "part1", "day03\part1\part1.vcxproj", "{53F09C2E-5447-4201-8DF7-339E3FBF0E76}"
EndProject
Project("{8BC9CEB8-8B4A-11D0-8D11-00A0C91BC942}") = "part2", "day03\part2\part2.vcxproj", "{7209E076-3C38-4CC2-A7A6-FBA987685A94}"
EndProject
Project("{2150E333-8FDC-42A3-9474-1A3956D46DE8}") = "day04", "day04", "{1B1679AD-A2A4-4701-AF47-D2911884CED4}"
EndProject
Project("{8BC9CEB8-8B4A-11D0-8D11-00A0C91BC942}") = "part1", "day04\part1\part1.vcxproj", "{2C76A808-912D-427B-847B-1E04AA617FAE}"
EndProject
Project("{8BC9CEB8-8B4A-11D0-8D11-00A0C91BC942}") = "part2", "day04\part2\part2.vcxproj", "{2F0AB550-FFC3-47D1-B3E9-6D2EC4557ACC}"
EndProject
Project("{2150E333-8FDC-42A3-9474-1A3956D46DE8}") = "day05", "day05", "{4C3D2A13-E766-49C2-A35A-FE804AB1A947}"
EndProject
Project("{8BC9CEB8-8B4A-11D0-8D11-00A0C91BC942}") = "part1", "day05\part1\part1.vcxproj", "{FD88DF04-54A2-4772-91BB-E3C9BC0CDE4E}"
EndProject
Project("{8BC9CEB8-8B4A-11D0-8D11-00A0C91BC942}") = "part2", "day05\part2\part2.vcxproj", "{06427DE9-CFEE-4FF4-8F20-EAB6D89D8956}"
EndProject
Project("{2150E333-8FDC-42A3-9474-1A3956D46DE8}") = "day06", "day06", "{5F3C8810-2689-457C-A18C-1E7356E20325}"
EndProject
Project("{8BC9CEB8-8B4A-11D0-8D11-00A0C91BC942}") = "part1", "day06\part1\part1.vcxproj", "{33D40140-86E6-4EF9-A913-43A2CA57B4D4}"
EndProject
Project("{8BC9CEB8-8B4A-11D0-8D11-00A0C91BC942}") = "part2", "day06\part2\part2.vcxproj", "{ECA7436B-6E81-4A41-A2E7-1214036DF7B5}"
EndProject
Project("{2150E333-8FDC-42A3-9474-1A3956D46DE8}") = "day07", "day07", "{B3BF4007-0B59-4B22-A899-4AAA7129F892}"
EndProject
Project("{8BC9CEB8-8B4A-11D0-8D11-00A0C91BC942}") = "part1", "day07\part1\part1.vcxproj", "{FCEC5886-8F61-45AA-9324-8F5230CB0380}"
EndProject
Project("{8BC9CEB8-8B4A-11D0-8D11-00A0C91BC942}") = "part2", "day07\part2\part2.vcxproj", "{43F620B2-E28A-49C5-84C8-CF3CE005E39C}"
EndProject
Project("{2150E333-8FDC-42A3-9474-1A3956D46DE8}") = "day08", "day08", "{AA8064B8-1F0D-4007-B4EE-B338CDEF8430}"
EndProject
Project("{8BC9CEB8-8B4A-11D0-8D11-00A0C91BC942}") = "part1", "day08\part1\part1.vcxproj", "{899C0021-C067-49A3-899B-C023CEFBC444}"
EndProject
Project("{8BC9CEB8-8B4A-11D0-8D11-00A0C91BC942}") = "part2", "day08\part2\part2.vcxproj", "{416E588E-29E8-4845-B08A-72E61980DDBB}"
EndProject
Project("{2150E333-8FDC-42A3-9474-1A3956D46DE8}") = "day09", "day09", "{8EADAD87-2569-483D-AD67-D5F915456F79}"
EndProject
Project("{8BC9CEB8-8B4A-11D0-8D11-00A0C91BC942}") = "part1", "day09\part1\part1.vcxproj", "{91D55872-FAA2-4B1C-A2FD-9948B5A6640A}"
EndProject
Project("{8BC9CEB8-8B4A-11D0-8D11-00A0C91BC942}") = "part2", "day09\part2\part2.vcxproj", "{78938E98-9C3C-4B29-97D8-BAC3FD5BC4B8}"
EndProject
Project("{2150E333-8FDC-42A3-9474-1A3956D46DE8}") = "day10", "day10", "{48DE9C2C-B021-4B61-B0EB-16FD5D4B63A8}"
EndProject
Project("{8BC9CEB8-8B4A-11D0-8D11-00A0C91BC942}") = "part1", "day10\part1\part1.vcxproj", "{472FFC9C-4D89-423E-80CF-3DBB7FF6C43F}"
EndProject
Project("{8BC9CEB8-8B4A-11D0-8D11-00A0C91BC942}") = "part2", "day10\part2\part2.vcxproj", "{A91053FB-661B-4E7F-993D-2A5A2FDA0D4A}"
EndProject
Project("{2150E333-8FDC-42A3-9474-1A3956D46DE8}") = "day11", "day11", "{3D2DBC0C-8D3F-4CAE-84FB-3BAFFC69976B}"
EndProject
Project("{8BC9CEB8-8B4A-11D0-8D11-00A0C91BC942}") = "part1", "day11\part1\part1.vcxproj", "{146A355F-F096-4E91-A9F3-750E4D89BADC}"
EndProject
Project("{8BC9CEB8-8B4A-11D0-8D11-00A0C91BC942}") = "part2", "day11\part2\part2.vcxproj", "{7B9EC44C-ED9B-45F5-972F-27F3FA539BBD}"
EndProject
Project("{2150E333-8FDC-42A3-9474-1A3956D46DE8}") = "day12", "day12", "{6F32950C-2D18-4D7A-851A-9F2AB1BA16B9}"
EndProject
Project("{8BC9CEB8-8B4A-11D0-8D11-00A0C91BC942}") = "part1", "day12\part1\part1.vcxproj", "{F1B5BE4F-27D4-49DA-AADF-FD8399115380}"
EndProject
Project("{8BC9CEB8-8B4A-11D0-8D11-00A0C91BC942}") = "part2", "day12\part2\part2.vcxproj", "{CB3B9FDC-4346-4DA5-BEFD-E2FA0E0E1966}"
EndProject
Project("{2150E333-8FDC-42A3-9474-1A3956D46DE8}") = "day13", "day13", "{6F515CCE-AAE5-42C5-9BCE-F85A46353066}"
EndProject
Project("{8BC9CEB8-8B4A-11D0-8D11-00A0C91BC942}") = "part2", "day13\part2\part2.vcxproj", "{85F9EC8D-E9FE-4E68-B9BB-491E46223AD1}"
EndProject
Project("{8BC9CEB8-8B4A-11D0-8D11-00A0C91BC942}") = "part1", "day13\part1\part1.vcxproj", "{007471C9-03D1-43E0-94E2-38D80495B6B0}"
EndProject
Project("{2150E333-8FDC-42A3-9474-1A3956D46DE8}") = "day14", "day14", "{189018F0-ECE2-4539-ACC4-025642D0081B}"
EndProject
Project("{8BC9CEB8-8B4A-11D0-8D11-00A0C91BC942}") = "part1", "day14\part1\part1.vcxproj", "{F9C60D1E-1175-4C3E-81F6-C416CA57E09C}"
EndProject
Project("{8BC9CEB8-8B4A-11D0-8D11-00A0C91BC942}") = "part2", "day14\part2\part2.vcxproj", "{B7A689ED-3730-491D-912F-EA4CE93C412A}"
EndProject
Project("{2150E333-8FDC-42A3-9474-1A3956D46DE8}") = "day15", "day15", "{BF463B4B-A340-4203-A537-91CB80CB967F}"
EndProject
Project("{8BC9CEB8-8B4A-11D0-8D11-00A0C91BC942}") = "part1", "day15\part1\part1.vcxproj", "{031B8BA0-F8A6-4B20-8315-9DA284AEFB48}"
EndProject
Project("{8BC9CEB8-8B4A-11D0-8D11-00A0C91BC942}") = "part2", "day15\part2\part2.vcxproj", "{8ED88D84-E56F-4166-95AE-8940112829DE}"
EndProject
Project("{2150E333-8FDC-42A3-9474-1A3956D46DE8}") = "day16", "day16", "{B16C0520-91A0-4A23-B808-B9FB7E0B9D68}"
EndProject
Project("{8BC9CEB8-8B4A-11D0-8D11-00A0C91BC942}") = "part1", "day16\part1\part1.vcxproj", "{8A9BD7CD-D2AD-4429-9443-C6FC7EC16245}"
EndProject
Project("{8BC9CEB8-8B4A-11D0-8D11-00A0C91BC942}") = "part2", "day16\part2\part2.vcxproj", "{11122F67-6C41-41E9-B5BA-7C52CA2DD23C}"
EndProject
Project("{2150E333-8FDC-42A3-9474-1A3956D46DE8}") = "day17", "day17", "{5CC60B1E-EE0B-4787-A1ED-A31F40300ED8}"
EndProject
Project("{8BC9CEB8-8B4A-11D0-8D11-00A0C91BC942}") = "part1", "day17\part1\part1.vcxproj", "{095E1B2E-9864-4E47-A8CA-A8B9DD2C2DD0}"
EndProject
Project("{8BC9CEB8-8B4A-11D0-8D11-00A0C91BC942}") = "part2", "day17\part2\part2.vcxproj", "{6E6CC032-30D9-4765-A132-6246B7C434CA}"
EndProject
Project("{2150E333-8FDC-42A3-9474-1A3956D46DE8}") = "day18", "day18", "{BC7902D7-C0B0-421A-9A53-E12FCA942470}"
EndProject
Project("{8BC9CEB8-8B4A-11D0-8D11-00A0C91BC942}") = "part1", "day18\part1\part1.vcxproj", "{75527481-C729-45F5-BCC5-C8254468D13A}"
EndProject
Project("{8BC9CEB8-8B4A-11D0-8D11-00A0C91BC942}") = "part2", "day18\part2\part2.vcxproj", "{195C73D1-0FA8-45F9-9781-AC83F204F0B5}"
EndProject
Project("{2150E333-8FDC-42A3-9474-1A3956D46DE8}") = "day19", "day19", "{BF187885-1100-48BB-BC02-2AFE173A832B}"
EndProject
Project("{8BC9CEB8-8B4A-11D0-8D11-00A0C91BC942}") = "part1", "day19\part1\part1.vcxproj", "{AED31F36-6BBD-4FD6-8AA7-AF68D8098424}"
EndProject
Project("{8BC9CEB8-8B4A-11D0-8D11-00A0C91BC942}") = "part2", "day19\part2\part2.vcxproj", "{59D8E463-F161-419D-B52F-57154A12B2E1}"
EndProject
Project("{2150E333-8FDC-42A3-9474-1A3956D46DE8}") = "day20", "day20", "{EC036011-93C3-438C-89D1-E02C55BF39CF}"
EndProject
Project("{8BC9CEB8-8B4A-11D0-8D11-00A0C91BC942}") = "part1", "day20\part1\part1.vcxproj", "{5ACC9DBE-401E-4399-8557-791D8E9D543C}"
EndProject
Project("{8BC9CEB8-8B4A-11D0-8D11-00A0C91BC942}") = "part2", "day20\part2\part2.vcxproj", "{E29EB2FE-CBB9-4746-A84D-9636FA5A2B63}"
EndProject
Project("{2150E333-8FDC-42A3-9474-1A3956D46DE8}") = "day21", "day21", "{2C406B60-3B8B-4281-8E29-4E8370610CBB}"
EndProject
Project("{8BC9CEB8-8B4A-11D0-8D11-00A0C91BC942}") = "part1", "day21\part1\part1.vcxproj", "{0E439072-5174-4C5D-B361-E51E8A6CFD81}"
EndProject
Project("{8BC9CEB8-8B4A-11D0-8D11-00A0C91BC942}") = "part2", "day21\part2\part2.vcxproj", "{8ED6556A-A1C1-443D-A134-078FB08D00F8}"
EndProject
Project("{2150E333-8FDC-42A3-9474-1A3956D46DE8}") = "day22", "day22", "{4F9E54D2-BFD8-45CD-B1ED-2ADD013D73F2}"
EndProject
Project("{8BC9CEB8-8B4A-11D0-8D11-00A0C91BC942}") = "part1", "day22\part1\part1.vcxproj", "{3E1849D2-5F0C-46B1-92D7-E68898972187}"
EndProject
Project("{8BC9CEB8-8B4A-11D0-8D11-00A0C91BC942}") = "part2", "day22\part2\part2.vcxproj", "{AE038146-D404-40C8-9C7B-F4E4F6020A6C}"
EndProject
Project("{2150E333-8FDC-42A3-9474-1A3956D46DE8}") = "day23", "day23", "{7610D58C-1C28-43C0-BB44-3AC0AE1A88BA}"
EndProject
Project("{8BC9CEB8-8B4A-11D0-8D11-00A0C91BC942}") = "part1", "day23\part1\part1.vcxproj", "{36C2A9BE-0001-4E29-8FBB-54028FF6D648}"
EndProject
Project("{8BC9CEB8-8B4A-11D0-8D11-00A0C91BC942}") = "part2", "day23\part2\part2.vcxproj", "{3561B746-BA75-4E3D-A6F0-E26D3278F863}"
EndProject
Global
	GlobalSection(SolutionConfigurationPlatforms) = preSolution
		Debug|x64 = Debug|x64
		Debug|x86 = Debug|x86
		Release|x64 = Release|x64
		Release|x86 = Release|x86
	EndGlobalSection
	GlobalSection(ProjectConfigurationPlatforms) = postSolution
		{73894D23-8C20-4460-BF81-0512A7360C29}.Debug|x64.ActiveCfg = Debug|x64
		{73894D23-8C20-4460-BF81-0512A7360C29}.Debug|x64.Build.0 = Debug|x64
		{73894D23-8C20-4460-BF81-0512A7360C29}.Debug|x86.ActiveCfg = Debug|Win32
		{73894D23-8C20-4460-BF81-0512A7360C29}.Debug|x86.Build.0 = Debug|Win32
		{73894D23-8C20-4460-BF81-0512A7360C29}.Release|x64.ActiveCfg = Release|x64
		{73894D23-8C20-4460-BF81-0512A7360C29}.Release|x64.Build.0 = Release|x64
		{73894D23-8C20-4460-BF81-0512A7360C29}.Release|x86.ActiveCfg = Release|Win32
		{73894D23-8C20-4460-BF81-0512A7360C29}.Release|x86.Build.0 = Release|Win32
		{6DFCBB0F-98B2-4B82-B3D0-8EFDD5AF8352}.Debug|x64.ActiveCfg = Debug|x64
		{6DFCBB0F-98B2-4B82-B3D0-8EFDD5AF8352}.Debug|x64.Build.0 = Debug|x64
		{6DFCBB0F-98B2-4B82-B3D0-8EFDD5AF8352}.Debug|x86.ActiveCfg = Debug|Win32
		{6DFCBB0F-98B2-4B82-B3D0-8EFDD5AF8352}.Debug|x86.Build.0 = Debug|Win32
		{6DFCBB0F-98B2-4B82-B3D0-8EFDD5AF8352}.Release|x64.ActiveCfg = Release|x64
		{6DFCBB0F-98B2-4B82-B3D0-8EFDD5AF8352}.Release|x64.Build.0 = Release|x64
		{6DFCBB0F-98B2-4B82-B3D0-8EFDD5AF8352}.Release|x86.ActiveCfg = Release|Win32
		{6DFCBB0F-98B2-4B82-B3D0-8EFDD5AF8352}.Release|x86.Build.0 = Release|Win32
		{5975F0D1-0144-49A6-96C9-A5AC8BDDDF01}.Debug|x64.ActiveCfg = Debug|x64
		{5975F0D1-0144-49A6-96C9-A5AC8BDDDF01}.Debug|x64.Build.0 = Debug|x64
		{5975F0D1-0144-49A6-96C9-A5AC8BDDDF01}.Debug|x86.ActiveCfg = Debug|Win32
		{5975F0D1-0144-49A6-96C9-A5AC8BDDDF01}.Debug|x86.Build.0 = Debug|Win32
		{5975F0D1-0144-49A6-96C9-A5AC8BDDDF01}.Release|x64.ActiveCfg = Release|x64
		{5975F0D1-0144-49A6-96C9-A5AC8BDDDF01}.Release|x64.Build.0 = Release|x64
		{5975F0D1-0144-49A6-96C9-A5AC8BDDDF01}.Release|x86.ActiveCfg = Release|Win32
		{5975F0D1-0144-49A6-96C9-A5AC8BDDDF01}.Release|x86.Build.0 = Release|Win32
		{051AB44D-9280-4899-8D93-6C5C99DC3E18}.Debug|x64.ActiveCfg = Debug|x64
		{051AB44D-9280-4899-8D93-6C5C99DC3E18}.Debug|x64.Build.0 = Debug|x64
		{051AB44D-9280-4899-8D93-6C5C99DC3E18}.Debug|x86.ActiveCfg = Debug|Win32
		{051AB44D-9280-4899-8D93-6C5C99DC3E18}.Debug|x86.Build.0 = Debug|Win32
		{051AB44D-9280-4899-8D93-6C5C99DC3E18}.Release|x64.ActiveCfg = Release|x64
		{051AB44D-9280-4899-8D93-6C5C99DC3E18}.Release|x64.Build.0 = Release|x64
		{051AB44D-9280-4899-8D93-6C5C99DC3E18}.Release|x86.ActiveCfg = Release|Win32
		{051AB44D-9280-4899-8D93-6C5C99DC3E18}.Release|x86.Build.0 = Release|Win32
		{53F09C2E-5447-4201-8DF7-339E3FBF0E76}.Debug|x64.ActiveCfg = Debug|x64
		{53F09C2E-5447-4201-8DF7-339E3FBF0E76}.Debug|x64.Build.0 = Debug|x64
		{53F09C2E-5447-4201-8DF7-339E3FBF0E76}.Debug|x86.ActiveCfg = Debug|Win32
		{53F09C2E-5447-4201-8DF7-339E3FBF0E76}.Debug|x86.Build.0 = Debug|Win32
		{53F09C2E-5447-4201-8DF7-339E3FBF0E76}.Release|x64.ActiveCfg = Release|x64
		{53F09C2E-5447-4201-8DF7-339E3FBF0E76}.Release|x64.Build.0 = Release|x64
		{53F09C2E-5447-4201-8DF7-339E3FBF0E76}.Release|x86.ActiveCfg = Release|Win32
		{53F09C2E-5447-4201-8DF7-339E3FBF0E76}.Release|x86.Build.0 = Release|Win32
		{7209E076-3C38-4CC2-A7A6-FBA987685A94}.Debug|x64.ActiveCfg = Debug|x64
		{7209E076-3C38-4CC2-A7A6-FBA987685A94}.Debug|x64.Build.0 = Debug|x64
		{7209E076-3C38-4CC2-A7A6-FBA987685A94}.Debug|x86.ActiveCfg = Debug|Win32
		{7209E076-3C38-4CC2-A7A6-FBA987685A94}.Debug|x86.Build.0 = Debug|Win32
		{7209E076-3C38-4CC2-A7A6-FBA987685A94}.Release|x64.ActiveCfg = Release|x64
		{7209E076-3C38-4CC2-A7A6-FBA987685A94}.Release|x64.Build.0 = Release|x64
		{7209E076-3C38-4CC2-A7A6-FBA987685A94}.Release|x86.ActiveCfg = Release|Win32
		{7209E076-3C38-4CC2-A7A6-FBA987685A94}.Release|x86.Build.0 = Release|Win32
		{2C76A808-912D-427B-847B-1E04AA617FAE}.Debug|x64.ActiveCfg = Debug|x64
		{2C76A808-912D-427B-847B-1E04AA617FAE}.Debug|x64.Build.0 = Debug|x64
		{2C76A808-912D-427B-847B-1E04AA617FAE}.Debug|x86.ActiveCfg = Debug|Win32
		{2C76A808-912D-427B-847B-1E04AA617FAE}.Debug|x86.Build.0 = Debug|Win32
		{2C76A808-912D-427B-847B-1E04AA617FAE}.Release|x64.ActiveCfg = Release|x64
		{2C76A808-912D-427B-847B-1E04AA617FAE}.Release|x64.Build.0 = Release|x64
		{2C76A808-912D-427B-847B-1E04AA617FAE}.Release|x86.ActiveCfg = Release|Win32
		{2C76A808-912D-427B-847B-1E04AA617FAE}.Release|x86.Build.0 = Release|Win32
		{2F0AB550-FFC3-47D1-B3E9-6D2EC4557ACC}.Debug|x64.ActiveCfg = Debug|x64
		{2F0AB550-FFC3-47D1-B3E9-6D2EC4557ACC}.Debug|x64.Build.0 = Debug|x64
		{2F0AB550-FFC3-47D1-B3E9-6D2EC4557ACC}.Debug|x86.ActiveCfg = Debug|Win32
		{2F0AB550-FFC3-47D1-B3E9-6D2EC4557ACC}.Debug|x86.Build.0 = Debug|Win32
		{2F0AB550-FFC3-47D1-B3E9-6D2EC4557ACC}.Release|x64.ActiveCfg = Release|x64
		{2F0AB550-FFC3-47D1-B3E9-6D2EC4557ACC}.Release|x64.Build.0 = Release|x64
		{2F0AB550-FFC3-47D1-B3E9-6D2EC4557ACC}.Release|x86.ActiveCfg = Release|Win32
		{2F0AB550-FFC3-47D1-B3E9-6D2EC4557ACC}.Release|x86.Build.0 = Release|Win32
		{FD88DF04-54A2-4772-91BB-E3C9BC0CDE4E}.Debug|x64.ActiveCfg = Debug|x64
		{FD88DF04-54A2-4772-91BB-E3C9BC0CDE4E}.Debug|x64.Build.0 = Debug|x64
		{FD88DF04-54A2-4772-91BB-E3C9BC0CDE4E}.Debug|x86.ActiveCfg = Debug|Win32
		{FD88DF04-54A2-4772-91BB-E3C9BC0CDE4E}.Debug|x86.Build.0 = Debug|Win32
		{FD88DF04-54A2-4772-91BB-E3C9BC0CDE4E}.Release|x64.ActiveCfg = Release|x64
		{FD88DF04-54A2-4772-91BB-E3C9BC0CDE4E}.Release|x64.Build.0 = Release|x64
		{FD88DF04-54A2-4772-91BB-E3C9BC0CDE4E}.Release|x86.ActiveCfg = Release|Win32
		{FD88DF04-54A2-4772-91BB-E3C9BC0CDE4E}.Release|x86.Build.0 = Release|Win32
		{06427DE9-CFEE-4FF4-8F20-EAB6D89D8956}.Debug|x64.ActiveCfg = Debug|x64
		{06427DE9-CFEE-4FF4-8F20-EAB6D89D8956}.Debug|x64.Build.0 = Debug|x64
		{06427DE9-CFEE-4FF4-8F20-EAB6D89D8956}.Debug|x86.ActiveCfg = Debug|Win32
		{06427DE9-CFEE-4FF4-8F20-EAB6D89D8956}.Debug|x86.Build.0 = Debug|Win32
		{06427DE9-CFEE-4FF4-8F20-EAB6D89D8956}.Release|x64.ActiveCfg = Release|x64
		{06427DE9-CFEE-4FF4-8F20-EAB6D89D8956}.Release|x64.Build.0 = Release|x64
		{06427DE9-CFEE-4FF4-8F20-EAB6D89D8956}.Release|x86.ActiveCfg = Release|Win32
		{06427DE9-CFEE-4FF4-8F20-EAB6D89D8956}.Release|x86.Build.0 = Release|Win32
		{33D40140-86E6-4EF9-A913-43A2CA57B4D4}.Debug|x64.ActiveCfg = Debug|x64
		{33D40140-86E6-4EF9-A913-43A2CA57B4D4}.Debug|x64.Build.0 = Debug|x64
		{33D40140-86E6-4EF9-A913-43A2CA57B4D4}.Debug|x86.ActiveCfg = Debug|Win32
		{33D40140-86E6-4EF9-A913-43A2CA57B4D4}.Debug|x86.Build.0 = Debug|Win32
		{33D40140-86E6-4EF9-A913-43A2CA57B4D4}.Release|x64.ActiveCfg = Release|x64
		{33D40140-86E6-4EF9-A913-43A2CA57B4D4}.Release|x64.Build.0 = Release|x64
		{33D40140-86E6-4EF9-A913-43A2CA57B4D4}.Release|x86.ActiveCfg = Release|Win32
		{33D40140-86E6-4EF9-A913-43A2CA57B4D4}.Release|x86.Build.0 = Release|Win32
		{ECA7436B-6E81-4A41-A2E7-1214036DF7B5}.Debug|x64.ActiveCfg = Debug|x64
		{ECA7436B-6E81-4A41-A2E7-1214036DF7B5}.Debug|x64.Build.0 = Debug|x64
		{ECA7436B-6E81-4A41-A2E7-1214036DF7B5}.Debug|x86.ActiveCfg = Debug|Win32
		{ECA7436B-6E81-4A41-A2E7-1214036DF7B5}.Debug|x86.Build.0 = Debug|Win32
		{ECA7436B-6E81-4A41-A2E7-1214036DF7B5}.Release|x64.ActiveCfg = Release|x64
		{ECA7436B-6E81-4A41-A2E7-1214036DF7B5}.Release|x64.Build.0 = Release|x64
		{ECA7436B-6E81-4A41-A2E7-1214036DF7B5}.Release|x86.ActiveCfg = Release|Win32
		{ECA7436B-6E81-4A41-A2E7-1214036DF7B5}.Release|x86.Build.0 = Release|Win32
		{FCEC5886-8F61-45AA-9324-8F5230CB0380}.Debug|x64.ActiveCfg = Debug|x64
		{FCEC5886-8F61-45AA-9324-8F5230CB0380}.Debug|x64.Build.0 = Debug|x64
		{FCEC5886-8F61-45AA-9324-8F5230CB0380}.Debug|x86.ActiveCfg = Debug|Win32
		{FCEC5886-8F61-45AA-9324-8F5230CB0380}.Debug|x86.Build.0 = Debug|Win32
		{FCEC5886-8F61-45AA-9324-8F5230CB0380}.Release|x64.ActiveCfg = Release|x64
		{FCEC5886-8F61-45AA-9324-8F5230CB0380}.Release|x64.Build.0 = Release|x64
		{FCEC5886-8F61-45AA-9324-8F5230CB0380}.Release|x86.ActiveCfg = Release|Win32
		{FCEC5886-8F61-45AA-9324-8F5230CB0380}.Release|x86.Build.0 = Release|Win32
		{43F620B2-E28A-49C5-84C8-CF3CE005E39C}.Debug|x64.ActiveCfg = Debug|x64
		{43F620B2-E28A-49C5-84C8-CF3CE005E39C}.Debug|x64.Build.0 = Debug|x64
		{43F620B2-E28A-49C5-84C8-CF3CE005E39C}.Debug|x86.ActiveCfg = Debug|Win32
		{43F620B2-E28A-49C5-84C8-CF3CE005E39C}.Debug|x86.Build.0 = Debug|Win32
		{43F620B2-E28A-49C5-84C8-CF3CE005E39C}.Release|x64.ActiveCfg = Release|x64
		{43F620B2-E28A-49C5-84C8-CF3CE005E39C}.Release|x64.Build.0 = Release|x64
		{43F620B2-E28A-49C5-84C8-CF3CE005E39C}.Release|x86.ActiveCfg = Release|Win32
		{43F620B2-E28A-49C5-84C8-CF3CE005E39C}.Release|x86.Build.0 = Release|Win32
		{899C0021-C067-49A3-899B-C023CEFBC444}.Debug|x64.ActiveCfg = Debug|x64
		{899C0021-C067-49A3-899B-C023CEFBC444}.Debug|x64.Build.0 = Debug|x64
		{899C0021-C067-49A3-899B-C023CEFBC444}.Debug|x86.ActiveCfg = Debug|Win32
		{899C0021-C067-49A3-899B-C023CEFBC444}.Debug|x86.Build.0 = Debug|Win32
		{899C0021-C067-49A3-899B-C023CEFBC444}.Release|x64.ActiveCfg = Release|x64
		{899C0021-C067-49A3-899B-C023CEFBC444}.Release|x64.Build.0 = Release|x64
		{899C0021-C067-49A3-899B-C023CEFBC444}.Release|x86.ActiveCfg = Release|Win32
		{899C0021-C067-49A3-899B-C023CEFBC444}.Release|x86.Build.0 = Release|Win32
		{416E588E-29E8-4845-B08A-72E61980DDBB}.Debug|x64.ActiveCfg = Debug|x64
		{416E588E-29E8-4845-B08A-72E61980DDBB}.Debug|x64.Build.0 = Debug|x64
		{416E588E-29E8-4845-B08A-72E61980DDBB}.Debug|x86.ActiveCfg = Debug|Win32
		{416E588E-29E8-4845-B08A-72E61980DDBB}.Debug|x86.Build.0 = Debug|Win32
		{416E588E-29E8-4845-B08A-72E61980DDBB}.Release|x64.ActiveCfg = Release|x64
		{416E588E-29E8-4845-B08A-72E61980DDBB}.Release|x64.Build.0 = Release|x64
		{416E588E-29E8-4845-B08A-72E61980DDBB}.Release|x86.ActiveCfg = Release|Win32
		{416E588E-29E8-4845-B08A-72E61980DDBB}.Release|x86.Build.0 = Release|Win32
		{91D55872-FAA2-4B1C-A2FD-9948B5A6640A}.Debug|x64.ActiveCfg = Debug|x64
		{91D55872-FAA2-4B1C-A2FD-9948B5A6640A}.Debug|x64.Build.0 = Debug|x64
		{91D55872-FAA2-4B1C-A2FD-9948B5A6640A}.Debug|x86.ActiveCfg = Debug|Win32
		{91D55872-FAA2-4B1C-A2FD-9948B5A6640A}.Debug|x86.Build.0 = Debug|Win32
		{91D55872-FAA2-4B1C-A2FD-9948B5A6640A}.Release|x64.ActiveCfg = Release|x64
		{91D55872-FAA2-4B1C-A2FD-9948B5A6640A}.Release|x64.Build.0 = Release|x64
		{91D55872-FAA2-4B1C-A2FD-9948B5A6640A}.Release|x86.ActiveCfg = Release|Win32
		{91D55872-FAA2-4B1C-A2FD-9948B5A6640A}.Release|x86.Build.0 = Release|Win32
		{78938E98-9C3C-4B29-97D8-BAC3FD5BC4B8}.Debug|x64.ActiveCfg = Debug|x64
		{78938E98-9C3C-4B29-97D8-BAC3FD5BC4B8}.Debug|x64.Build.0 = Debug|x64
		{78938E98-9C3C-4B29-97D8-BAC3FD5BC4B8}.Debug|x86.ActiveCfg = Debug|Win32
		{78938E98-9C3C-4B29-97D8-BAC3FD5BC4B8}.Debug|x86.Build.0 = Debug|Win32
		{78938E98-9C3C-4B29-97D8-BAC3FD5BC4B8}.Release|x64.ActiveCfg = Release|x64
		{78938E98-9C3C-4B29-97D8-BAC3FD5BC4B8}.Release|x64.Build.0 = Release|x64
		{78938E98-9C3C-4B29-97D8-BAC3FD5BC4B8}.Release|x86.ActiveCfg = Release|Win32
		{78938E98-9C3C-4B29-97D8-BAC3FD5BC4B8}.Release|x86.Build.0 = Release|Win32
		{472FFC9C-4D89-423E-80CF-3DBB7FF6C43F}.Debug|x64.ActiveCfg = Debug|x64
		{472FFC9C-4D89-423E-80CF-3DBB7FF6C43F}.Debug|x64.Build.0 = Debug|x64
		{472FFC9C-4D89-423E-80CF-3DBB7FF6C43F}.Debug|x86.ActiveCfg = Debug|Win32
		{472FFC9C-4D89-423E-80CF-3DBB7FF6C43F}.Debug|x86.Build.0 = Debug|Win32
		{472FFC9C-4D89-423E-80CF-3DBB7FF6C43F}.Release|x64.ActiveCfg = Release|x64
		{472FFC9C-4D89-423E-80CF-3DBB7FF6C43F}.Release|x64.Build.0 = Release|x64
		{472FFC9C-4D89-423E-80CF-3DBB7FF6C43F}.Release|x86.ActiveCfg = Release|Win32
		{472FFC9C-4D89-423E-80CF-3DBB7FF6C43F}.Release|x86.Build.0 = Release|Win32
		{A91053FB-661B-4E7F-993D-2A5A2FDA0D4A}.Debug|x64.ActiveCfg = Debug|x64
		{A91053FB-661B-4E7F-993D-2A5A2FDA0D4A}.Debug|x64.Build.0 = Debug|x64
		{A91053FB-661B-4E7F-993D-2A5A2FDA0D4A}.Debug|x86.ActiveCfg = Debug|Win32
		{A91053FB-661B-4E7F-993D-2A5A2FDA0D4A}.Debug|x86.Build.0 = Debug|Win32
		{A91053FB-661B-4E7F-993D-2A5A2FDA0D4A}.Release|x64.ActiveCfg = Release|x64
		{A91053FB-661B-4E7F-993D-2A5A2FDA0D4A}.Release|x64.Build.0 = Release|x64
		{A91053FB-661B-4E7F-993D-2A5A2FDA0D4A}.Release|x86.ActiveCfg = Release|Win32
		{A91053FB-661B-4E7F-993D-2A5A2FDA0D4A}.Release|x86.Build.0 = Release|Win32
		{146A355F-F096-4E91-A9F3-750E4D89BADC}.Debug|x64.ActiveCfg = Debug|x64
		{146A355F-F096-4E91-A9F3-750E4D89BADC}.Debug|x64.Build.0 = Debug|x64
		{146A355F-F096-4E91-A9F3-750E4D89BADC}.Debug|x86.ActiveCfg = Debug|Win32
		{146A355F-F096-4E91-A9F3-750E4D89BADC}.Debug|x86.Build.0 = Debug|Win32
		{146A355F-F096-4E91-A9F3-750E4D89BADC}.Release|x64.ActiveCfg = Release|x64
		{146A355F-F096-4E91-A9F3-750E4D89BADC}.Release|x64.Build.0 = Release|x64
		{146A355F-F096-4E91-A9F3-750E4D89BADC}.Release|x86.ActiveCfg = Release|Win32
		{146A355F-F096-4E91-A9F3-750E4D89BADC}.Release|x86.Build.0 = Release|Win32
		{7B9EC44C-ED9B-45F5-972F-27F3FA539BBD}.Debug|x64.ActiveCfg = Debug|x64
		{7B9EC44C-ED9B-45F5-972F-27F3FA539BBD}.Debug|x64.Build.0 = Debug|x64
		{7B9EC44C-ED9B-45F5-972F-27F3FA539BBD}.Debug|x86.ActiveCfg = Debug|Win32
		{7B9EC44C-ED9B-45F5-972F-27F3FA539BBD}.Debug|x86.Build.0 = Debug|Win32
		{7B9EC44C-ED9B-45F5-972F-27F3FA539BBD}.Release|x64.ActiveCfg = Release|x64
		{7B9EC44C-ED9B-45F5-972F-27F3FA539BBD}.Release|x64.Build.0 = Release|x64
		{7B9EC44C-ED9B-45F5-972F-27F3FA539BBD}.Release|x86.ActiveCfg = Release|Win32
		{7B9EC44C-ED9B-45F5-972F-27F3FA539BBD}.Release|x86.Build.0 = Release|Win32
		{F1B5BE4F-27D4-49DA-AADF-FD8399115380}.Debug|x64.ActiveCfg = Debug|x64
		{F1B5BE4F-27D4-49DA-AADF-FD8399115380}.Debug|x64.Build.0 = Debug|x64
		{F1B5BE4F-27D4-49DA-AADF-FD8399115380}.Debug|x86.ActiveCfg = Debug|Win32
		{F1B5BE4F-27D4-49DA-AADF-FD8399115380}.Debug|x86.Build.0 = Debug|Win32
		{F1B5BE4F-27D4-49DA-AADF-FD8399115380}.Release|x64.ActiveCfg = Release|x64
		{F1B5BE4F-27D4-49DA-AADF-FD8399115380}.Release|x64.Build.0 = Release|x64
		{F1B5BE4F-27D4-49DA-AADF-FD8399115380}.Release|x86.ActiveCfg = Release|Win32
		{F1B5BE4F-27D4-49DA-AADF-FD8399115380}.Release|x86.Build.0 = Release|Win32
		{CB3B9FDC-4346-4DA5-BEFD-E2FA0E0E1966}.Debug|x64.ActiveCfg = Debug|x64
		{CB3B9FDC-4346-4DA5-BEFD-E2FA0E0E1966}.Debug|x64.Build.0 = Debug|x64
		{CB3B9FDC-4346-4DA5-BEFD-E2FA0E0E1966}.Debug|x86.ActiveCfg = Debug|Win32
		{CB3B9FDC-4346-4DA5-BEFD-E2FA0E0E1966}.Debug|x86.Build.0 = Debug|Win32
		{CB3B9FDC-4346-4DA5-BEFD-E2FA0E0E1966}.Release|x64.ActiveCfg = Release|x64
		{CB3B9FDC-4346-4DA5-BEFD-E2FA0E0E1966}.Release|x64.Build.0 = Release|x64
		{CB3B9FDC-4346-4DA5-BEFD-E2FA0E0E1966}.Release|x86.ActiveCfg = Release|Win32
		{CB3B9FDC-4346-4DA5-BEFD-E2FA0E0E1966}.Release|x86.Build.0 = Release|Win32
		{85F9EC8D-E9FE-4E68-B9BB-491E46223AD1}.Debug|x64.ActiveCfg = Debug|x64
		{85F9EC8D-E9FE-4E68-B9BB-491E46223AD1}.Debug|x64.Build.0 = Debug|x64
		{85F9EC8D-E9FE-4E68-B9BB-491E46223AD1}.Debug|x86.ActiveCfg = Debug|Win32
		{85F9EC8D-E9FE-4E68-B9BB-491E46223AD1}.Debug|x86.Build.0 = Debug|Win32
		{85F9EC8D-E9FE-4E68-B9BB-491E46223AD1}.Release|x64.ActiveCfg = Release|x64
		{85F9EC8D-E9FE-4E68-B9BB-491E46223AD1}.Release|x64.Build.0 = Release|x64
		{85F9EC8D-E9FE-4E68-B9BB-491E46223AD1}.Release|x86.ActiveCfg = Release|Win32
		{85F9EC8D-E9FE-4E68-B9BB-491E46223AD1}.Release|x86.Build.0 = Release|Win32
		{007471C9-03D1-43E0-94E2-38D80495B6B0}.Debug|x64.ActiveCfg = Debug|x64
		{007471C9-03D1-43E0-94E2-38D80495B6B0}.Debug|x64.Build.0 = Debug|x64
		{007471C9-03D1-43E0-94E2-38D80495B6B0}.Debug|x86.ActiveCfg = Debug|Win32
		{007471C9-03D1-43E0-94E2-38D80495B6B0}.Debug|x86.Build.0 = Debug|Win32
		{007471C9-03D1-43E0-94E2-38D80495B6B0}.Release|x64.ActiveCfg = Release|x64
		{007471C9-03D1-43E0-94E2-38D80495B6B0}.Release|x64.Build.0 = Release|x64
		{007471C9-03D1-43E0-94E2-38D80495B6B0}.Release|x86.ActiveCfg = Release|Win32
		{007471C9-03D1-43E0-94E2-38D80495B6B0}.Release|x86.Build.0 = Release|Win32
		{F9C60D1E-1175-4C3E-81F6-C416CA57E09C}.Debug|x64.ActiveCfg = Debug|x64
		{F9C60D1E-1175-4C3E-81F6-C416CA57E09C}.Debug|x64.Build.0 = Debug|x64
		{F9C60D1E-1175-4C3E-81F6-C416CA57E09C}.Debug|x86.ActiveCfg = Debug|Win32
		{F9C60D1E-1175-4C3E-81F6-C416CA57E09C}.Debug|x86.Build.0 = Debug|Win32
		{F9C60D1E-1175-4C3E-81F6-C416CA57E09C}.Release|x64.ActiveCfg = Release|x64
		{F9C60D1E-1175-4C3E-81F6-C416CA57E09C}.Release|x64.Build.0 = Release|x64
		{F9C60D1E-1175-4C3E-81F6-C416CA57E09C}.Release|x86.ActiveCfg = Release|Win32
		{F9C60D1E-1175-4C3E-81F6-C416CA57E09C}.Release|x86.Build.0 = Release|Win32
		{B7A689ED-3730-491D-912F-EA4CE93C412A}.Debug|x64.ActiveCfg = Debug|x64
		{B7A689ED-3730-491D-912F-EA4CE93C412A}.Debug|x64.Build.0 = Debug|x64
		{B7A689ED-3730-491D-912F-EA4CE93C412A}.Debug|x86.ActiveCfg = Debug|Win32
		{B7A689ED-3730-491D-912F-EA4CE93C412A}.Debug|x86.Build.0 = Debug|Win32
		{B7A689ED-3730-491D-912F-EA4CE93C412A}.Release|x64.ActiveCfg = Release|x64
		{B7A689ED-3730-491D-912F-EA4CE93C412A}.Release|x64.Build.0 = Release|x64
		{B7A689ED-3730-491D-912F-EA4CE93C412A}.Release|x86.ActiveCfg = Release|Win32
		{B7A689ED-3730-491D-912F-EA4CE93C412A}.Release|x86.Build.0 = Release|Win32
		{031B8BA0-F8A6-4B20-8315-9DA284AEFB48}.Debug|x64.ActiveCfg = Debug|x64
		{031B8BA0-F8A6-4B20-8315-9DA284AEFB48}.Debug|x64.Build.0 = Debug|x64
		{031B8BA0-F8A6-4B20-8315-9DA284AEFB48}.Debug|x86.ActiveCfg = Debug|Win32
		{031B8BA0-F8A6-4B20-8315-9DA284AEFB48}.Debug|x86.Build.0 = Debug|Win32
		{031B8BA0-F8A6-4B20-8315-9DA284AEFB48}.Release|x64.ActiveCfg = Release|x64
		{031B8BA0-F8A6-4B20-8315-9DA284AEFB48}.Release|x64.Build.0 = Release|x64
		{031B8BA0-F8A6-4B20-8315-9DA284AEFB48}.Release|x86.ActiveCfg = Release|Win32
		{031B8BA0-F8A6-4B20-8315-9DA284AEFB48}.Release|x86.Build.0 = Release|Win32
		{8ED88D84-E56F-4166-95AE-8940112829DE}.Debug|x64.ActiveCfg = Debug|x64
		{8ED88D84-E56F-4166-95AE-8940112829DE}.Debug|x64.Build.0 = Debug|x64
		{8ED88D84-E56F-4166-95AE-8940112829DE}.Debug|x86.ActiveCfg = Debug|Win32
		{8ED88D84-E56F-4166-95AE-8940112829DE}.Debug|x86.Build.0 = Debug|Win32
		{8ED88D84-E56F-4166-95AE-8940112829DE}.Release|x64.ActiveCfg = Release|x64
		{8ED88D84-E56F-4166-95AE-8940112829DE}.Release|x64.Build.0 = Release|x64
		{8ED88D84-E56F-4166-95AE-8940112829DE}.Release|x86.ActiveCfg = Release|Win32
		{8ED88D84-E56F-4166-95AE-8940112829DE}.Release|x86.Build.0 = Release|Win32
		{8A9BD7CD-D2AD-4429-9443-C6FC7EC16245}.Debug|x64.ActiveCfg = Debug|x64
		{8A9BD7CD-D2AD-4429-9443-C6FC7EC16245}.Debug|x64.Build.0 = Debug|x64
		{8A9BD7CD-D2AD-4429-9443-C6FC7EC16245}.Debug|x86.ActiveCfg = Debug|Win32
		{8A9BD7CD-D2AD-4429-9443-C6FC7EC16245}.Debug|x86.Build.0 = Debug|Win32
		{8A9BD7CD-D2AD-4429-9443-C6FC7EC16245}.Release|x64.ActiveCfg = Release|x64
		{8A9BD7CD-D2AD-4429-9443-C6FC7EC16245}.Release|x64.Build.0 = Release|x64
		{8A9BD7CD-D2AD-4429-9443-C6FC7EC16245}.Release|x86.ActiveCfg = Release|Win32
		{8A9BD7CD-D2AD-4429-9443-C6FC7EC16245}.Release|x86.Build.0 = Release|Win32
		{11122F67-6C41-41E9-B5BA-7C52CA2DD23C}.Debug|x64.ActiveCfg = Debug|x64
		{11122F67-6C41-41E9-B5BA-7C52CA2DD23C}.Debug|x64.Build.0 = Debug|x64
		{11122F67-6C41-41E9-B5BA-7C52CA2DD23C}.Debug|x86.ActiveCfg = Debug|Win32
		{11122F67-6C41-41E9-B5BA-7C52CA2DD23C}.Debug|x86.Build.0 = Debug|Win32
		{11122F67-6C41-41E9-B5BA-7C52CA2DD23C}.Release|x64.ActiveCfg = Release|x64
		{11122F67-6C41-41E9-B5BA-7C52CA2DD23C}.Release|x64.Build.0 = Release|x64
		{11122F67-6C41-41E9-B5BA-7C52CA2DD23C}.Release|x86.ActiveCfg = Release|Win32
		{11122F67-6C41-41E9-B5BA-7C52CA2DD23C}.Release|x86.Build.0 = Release|Win32
		{095E1B2E-9864-4E47-A8CA-A8B9DD2C2DD0}.Debug|x64.ActiveCfg = Debug|x64
		{095E1B2E-9864-4E47-A8CA-A8B9DD2C2DD0}.Debug|x64.Build.0 = Debug|x64
		{095E1B2E-9864-4E47-A8CA-A8B9DD2C2DD0}.Debug|x86.ActiveCfg = Debug|Win32
		{095E1B2E-9864-4E47-A8CA-A8B9DD2C2DD0}.Debug|x86.Build.0 = Debug|Win32
		{095E1B2E-9864-4E47-A8CA-A8B9DD2C2DD0}.Release|x64.ActiveCfg = Release|x64
		{095E1B2E-9864-4E47-A8CA-A8B9DD2C2DD0}.Release|x64.Build.0 = Release|x64
		{095E1B2E-9864-4E47-A8CA-A8B9DD2C2DD0}.Release|x86.ActiveCfg = Release|Win32
		{095E1B2E-9864-4E47-A8CA-A8B9DD2C2DD0}.Release|x86.Build.0 = Release|Win32
		{6E6CC032-30D9-4765-A132-6246B7C434CA}.Debug|x64.ActiveCfg = Debug|x64
		{6E6CC032-30D9-4765-A132-6246B7C434CA}.Debug|x64.Build.0 = Debug|x64
		{6E6CC032-30D9-4765-A132-6246B7C434CA}.Debug|x86.ActiveCfg = Debug|Win32
		{6E6CC032-30D9-4765-A132-6246B7C434CA}.Debug|x86.Build.0 = Debug|Win32
		{6E6CC032-30D9-4765-A132-6246B7C434CA}.Release|x64.ActiveCfg = Release|x64
		{6E6CC032-30D9-4765-A132-6246B7C434CA}.Release|x64.Build.0 = Release|x64
		{6E6CC032-30D9-4765-A132-6246B7C434CA}.Release|x86.ActiveCfg = Release|Win32
		{6E6CC032-30D9-4765-A132-6246B7C434CA}.Release|x86.Build.0 = Release|Win32
		{75527481-C729-45F5-BCC5-C8254468D13A}.Debug|x64.ActiveCfg = Debug|x64
		{75527481-C729-45F5-BCC5-C8254468D13A}.Debug|x64.Build.0 = Debug|x64
		{75527481-C729-45F5-BCC5-C8254468D13A}.Debug|x86.ActiveCfg = Debug|Win32
		{75527481-C729-45F5-BCC5-C8254468D13A}.Debug|x86.Build.0 = Debug|Win32
		{75527481-C729-45F5-BCC5-C8254468D13A}.Release|x64.ActiveCfg = Release|x64
		{75527481-C729-45F5-BCC5-C8254468D13A}.Release|x64.Build.0 = Release|x64
		{75527481-C729-45F5-BCC5-C8254468D13A}.Release|x86.ActiveCfg = Release|Win32
		{75527481-C729-45F5-BCC5-C8254468D13A}.Release|x86.Build.0 = Release|Win32
		{195C73D1-0FA8-45F9-9781-AC83F204F0B5}.Debug|x64.ActiveCfg = Debug|x64
		{195C73D1-0FA8-45F9-9781-AC83F204F0B5}.Debug|x64.Build.0 = Debug|x64
		{195C73D1-0FA8-45F9-9781-AC83F204F0B5}.Debug|x86.ActiveCfg = Debug|Win32
		{195C73D1-0FA8-45F9-9781-AC83F204F0B5}.Debug|x86.Build.0 = Debug|Win32
		{195C73D1-0FA8-45F9-9781-AC83F204F0B5}.Release|x64.ActiveCfg = Release|x64
		{195C73D1-0FA8-45F9-9781-AC83F204F0B5}.Release|x64.Build.0 = Release|x64
		{195C73D1-0FA8-45F9-9781-AC83F204F0B5}.Release|x86.ActiveCfg = Release|Win32
		{195C73D1-0FA8-45F9-9781-AC83F204F0B5}.Release|x86.Build.0 = Release|Win32
		{AED31F36-6BBD-4FD6-8AA7-AF68D8098424}.Debug|x64.ActiveCfg = Debug|x64
		{AED31F36-6BBD-4FD6-8AA7-AF68D8098424}.Debug|x64.Build.0 = Debug|x64
		{AED31F36-6BBD-4FD6-8AA7-AF68D8098424}.Debug|x86.ActiveCfg = Debug|Win32
		{AED31F36-6BBD-4FD6-8AA7-AF68D8098424}.Debug|x86.Build.0 = Debug|Win32
		{AED31F36-6BBD-4FD6-8AA7-AF68D8098424}.Release|x64.ActiveCfg = Release|x64
		{AED31F36-6BBD-4FD6-8AA7-AF68D8098424}.Release|x64.Build.0 = Release|x64
		{AED31F36-6BBD-4FD6-8AA7-AF68D8098424}.Release|x86.ActiveCfg = Release|Win32
		{AED31F36-6BBD-4FD6-8AA7-AF68D8098424}.Release|x86.Build.0 = Release|Win32
		{59D8E463-F161-419D-B52F-57154A12B2E1}.Debug|x64.ActiveCfg = Debug|x64
		{59D8E463-F161-419D-B52F-57154A12B2E1}.Debug|x64.Build.0 = Debug|x64
		{59D8E463-F161-419D-B52F-57154A12B2E1}.Debug|x86.ActiveCfg = Debug|Win32
		{59D8E463-F161-419D-B52F-57154A12B2E1}.Debug|x86.Build.0 = Debug|Win32
		{59D8E463-F161-419D-B52F-57154A12B2E1}.Release|x64.ActiveCfg = Release|x64
		{59D8E463-F161-419D-B52F-57154A12B2E1}.Release|x64.Build.0 = Release|x64
		{59D8E463-F161-419D-B52F-57154A12B2E1}.Release|x86.ActiveCfg = Release|Win32
		{59D8E463-F161-419D-B52F-57154A12B2E1}.Release|x86.Build.0 = Release|Win32
		{5ACC9DBE-401E-4399-8557-791D8E9D543C}.Debug|x64.ActiveCfg = Debug|x64
		{5ACC9DBE-401E-4399-8557-791D8E9D543C}.Debug|x64.Build.0 = Debug|x64
		{5ACC9DBE-401E-4399-8557-791D8E9D543C}.Debug|x86.ActiveCfg = Debug|Win32
		{5ACC9DBE-401E-4399-8557-791D8E9D543C}.Debug|x86.Build.0 = Debug|Win32
		{5ACC9DBE-401E-4399-8557-791D8E9D543C}.Release|x64.ActiveCfg = Release|x64
		{5ACC9DBE-401E-4399-8557-791D8E9D543C}.Release|x64.Build.0 = Release|x64
		{5ACC9DBE-401E-4399-8557-791D8E9D543C}.Release|x86.ActiveCfg = Release|Win32
		{5ACC9DBE-401E-4399-8557-791D8E9D543C}.Release|x86.Build.0 = Release|Win32
		{E29EB2FE-CBB9-4746-A84D-9636FA5A2B63}.Debug|x64.ActiveCfg = Debug|x64
		{E29EB2FE-CBB9-4746-A84D-9636FA5A2B63}.Debug|x64.Build.0 = Debug|x64
		{E29EB2FE-CBB9-4746-A84D-9636FA5A2B63}.Debug|x86.ActiveCfg = Debug|Win32
		{E29EB2FE-CBB9-4746-A84D-9636FA5A2B63}.Debug|x86.Build.0 = Debug|Win32
		{E29EB2FE-CBB9-4746-A84D-9636FA5A2B63}.Release|x64.ActiveCfg = Release|x64
		{E29EB2FE-CBB9-4746-A84D-9636FA5A2B63}.Release|x64.Build.0 = Release|x64
		{E29EB2FE-CBB9-4746-A84D-9636FA5A2B63}.Release|x86.ActiveCfg = Release|Win32
		{E29EB2FE-CBB9-4746-A84D-9636FA5A2B63}.Release|x86.Build.0 = Release|Win32
		{0E439072-5174-4C5D-B361-E51E8A6CFD81}.Debug|x64.ActiveCfg = Debug|x64
		{0E439072-5174-4C5D-B361-E51E8A6CFD81}.Debug|x64.Build.0 = Debug|x64
		{0E439072-5174-4C5D-B361-E51E8A6CFD81}.Debug|x86.ActiveCfg = Debug|Win32
		{0E439072-5174-4C5D-B361-E51E8A6CFD81}.Debug|x86.Build.0 = Debug|Win32
		{0E439072-5174-4C5D-B361-E51E8A6CFD81}.Release|x64.ActiveCfg = Release|x64
		{0E439072-5174-4C5D-B361-E51E8A6CFD81}.Release|x64.Build.0 = Release|x64
		{0E439072-5174-4C5D-B361-E51E8A6CFD81}.Release|x86.ActiveCfg = Release|Win32
		{0E439072-5174-4C5D-B361-E51E8A6CFD81}.Release|x86.Build.0 = Release|Win32
		{8ED6556A-A1C1-443D-A134-078FB08D00F8}.Debug|x64.ActiveCfg = Debug|x64
		{8ED6556A-A1C1-443D-A134-078FB08D00F8}.Debug|x64.Build.0 = Debug|x64
		{8ED6556A-A1C1-443D-A134-078FB08D00F8}.Debug|x86.ActiveCfg = Debug|Win32
		{8ED6556A-A1C1-443D-A134-078FB08D00F8}.Debug|x86.Build.0 = Debug|Win32
		{8ED6556A-A1C1-443D-A134-078FB08D00F8}.Release|x64.ActiveCfg = Release|x64
		{8ED6556A-A1C1-443D-A134-078FB08D00F8}.Release|x64.Build.0 = Release|x64
		{8ED6556A-A1C1-443D-A134-078FB08D00F8}.Release|x86.ActiveCfg = Release|Win32
		{8ED6556A-A1C1-443D-A134-078FB08D00F8}.Release|x86.Build.0 = Release|Win32
		{3E1849D2-5F0C-46B1-92D7-E68898972187}.Debug|x64.ActiveCfg = Debug|x64
		{3E1849D2-5F0C-46B1-92D7-E68898972187}.Debug|x64.Build.0 = Debug|x64
		{3E1849D2-5F0C-46B1-92D7-E68898972187}.Debug|x86.ActiveCfg = Debug|Win32
		{3E1849D2-5F0C-46B1-92D7-E68898972187}.Debug|x86.Build.0 = Debug|Win32
		{3E1849D2-5F0C-46B1-92D7-E68898972187}.Release|x64.ActiveCfg = Release|x64
		{3E1849D2-5F0C-46B1-92D7-E68898972187}.Release|x64.Build.0 = Release|x64
		{3E1849D2-5F0C-46B1-92D7-E68898972187}.Release|x86.ActiveCfg = Release|Win32
		{3E1849D2-5F0C-46B1-92D7-E68898972187}.Release|x86.Build.0 = Release|Win32
		{AE038146-D404-40C8-9C7B-F4E4F6020A6C}.Debug|x64.ActiveCfg = Debug|x64
		{AE038146-D404-40C8-9C7B-F4E4F6020A6C}.Debug|x64.Build.0 = Debug|x64
		{AE038146-D404-40C8-9C7B-F4E4F6020A6C}.Debug|x86.ActiveCfg = Debug|Win32
		{AE038146-D404-40C8-9C7B-F4E4F6020A6C}.Debug|x86.Build.0 = Debug|Win32
		{AE038146-D404-40C8-9C7B-F4E4F6020A6C}.Release|x64.ActiveCfg = Release|x64
		{AE038146-D404-40C8-9C7B-F4E4F6020A6C}.Release|x64.Build.0 = Release|x64
		{AE038146-D404-40C8-9C7B-F4E4F6020A6C}.Release|x86.ActiveCfg = Release|Win32
		{AE038146-D404-40C8-9C7B-F4E4F6020A6C}.Release|x86.Build.0 = Release|Win32
		{36C2A9BE-0001-4E29-8FBB-54028FF6D648}.Debug|x64.ActiveCfg = Debug|x64
		{36C2A9BE-0001-4E29-8FBB-54028FF6D648}.Debug|x64.Build.0 = Debug|x64
		{36C2A9BE-0001-4E29-8FBB-54028FF6D648}.Debug|x86.ActiveCfg = Debug|Win32
		{36C2A9BE-0001-4E29-8FBB-54028FF6D648}.Debug|x86.Build.0 = Debug|Win32
		{36C2A9BE-0001-4E29-8FBB-54028FF6D648}.Release|x64.ActiveCfg = Release|x64
		{36C2A9BE-0001-4E29-8FBB-54028FF6D648}.Release|x64.Build.0 = Release|x64
		{36C2A9BE-0001-4E29-8FBB-54028FF6D648}.Release|x86.ActiveCfg = Release|Win32
		{36C2A9BE-0001-4E29-8FBB-54028FF6D648}.Release|x86.Build.0 = Release|Win32
		{3561B746-BA75-4E3D-A6F0-E26D3278F863}.Debug|x64.ActiveCfg = Debug|x64
		{3561B746-BA75-4E3D-A6F0-E26D3278F863}.Debug|x64.Build.0 = Debug|x64
		{3561B746-BA75-4E3D-A6F0-E26D3278F863}.Debug|x86.ActiveCfg = Debug|Win32
		{3561B746-BA75-4E3D-A6F0-E26D3278F863}.Debug|x86.Build.0 = Debug|Win32
		{3561B746-BA75-4E3D-A6F0-E26D3278F863}.Release|x64.ActiveCfg = Release|x64
		{3561B746-BA75-4E3D-A6F0-E26D3278F863}.Release|x64.Build.0 = Release|x64
		{3561B746-BA75-4E3D-A6F0-E26D3278F863}.Release|x86.ActiveCfg = Release|Win32
		{3561B746-BA75-4E3D-A6F0-E26D3278F863}.Release|x86.Build.0 = Release|Win32
	EndGlobalSection
	GlobalSection(SolutionProperties) = preSolution
		HideSolutionNode = FALSE
	EndGlobalSection
	GlobalSection(NestedProjects) = preSolution
		{73894D23-8C20-4460-BF81-0512A7360C29} = {6C861848-A840-4281-B5EE-3A69E39361F1}
		{6DFCBB0F-98B2-4B82-B3D0-8EFDD5AF8352} = {6C861848-A840-4281-B5EE-3A69E39361F1}
		{5975F0D1-0144-49A6-96C9-A5AC8BDDDF01} = {4012D234-1817-43F3-8239-D9EC55858DED}
		{051AB44D-9280-4899-8D93-6C5C99DC3E18} = {4012D234-1817-43F3-8239-D9EC55858DED}
		{53F09C2E-5447-4201-8DF7-339E3FBF0E76} = {A8D083C7-0E15-4040-BBF4-ECDD39721D0D}
		{7209E076-3C38-4CC2-A7A6-FBA987685A94} = {A8D083C7-0E15-4040-BBF4-ECDD39721D0D}
		{2C76A808-912D-427B-847B-1E04AA617FAE} = {1B1679AD-A2A4-4701-AF47-D2911884CED4}
		{2F0AB550-FFC3-47D1-B3E9-6D2EC4557ACC} = {1B1679AD-A2A4-4701-AF47-D2911884CED4}
		{FD88DF04-54A2-4772-91BB-E3C9BC0CDE4E} = {4C3D2A13-E766-49C2-A35A-FE804AB1A947}
		{06427DE9-CFEE-4FF4-8F20-EAB6D89D8956} = {4C3D2A13-E766-49C2-A35A-FE804AB1A947}
		{33D40140-86E6-4EF9-A913-43A2CA57B4D4} = {5F3C8810-2689-457C-A18C-1E7356E20325}
		{ECA7436B-6E81-4A41-A2E7-1214036DF7B5} = {5F3C8810-2689-457C-A18C-1E7356E20325}
		{FCEC5886-8F61-45AA-9324-8F5230CB0380} = {B3BF4007-0B59-4B22-A899-4AAA7129F892}
		{43F620B2-E28A-49C5-84C8-CF3CE005E39C} = {B3BF4007-0B59-4B22-A899-4AAA7129F892}
		{899C0021-C067-49A3-899B-C023CEFBC444} = {AA8064B8-1F0D-4007-B4EE-B338CDEF8430}
		{416E588E-29E8-4845-B08A-72E61980DDBB} = {AA8064B8-1F0D-4007-B4EE-B338CDEF8430}
		{91D55872-FAA2-4B1C-A2FD-9948B5A6640A} = {8EADAD87-2569-483D-AD67-D5F915456F79}
		{78938E98-9C3C-4B29-97D8-BAC3FD5BC4B8} = {8EADAD87-2569-483D-AD67-D5F915456F79}
		{472FFC9C-4D89-423E-80CF-3DBB7FF6C43F} = {48DE9C2C-B021-4B61-B0EB-16FD5D4B63A8}
		{A91053FB-661B-4E7F-993D-2A5A2FDA0D4A} = {48DE9C2C-B021-4B61-B0EB-16FD5D4B63A8}
		{146A355F-F096-4E91-A9F3-750E4D89BADC} = {3D2DBC0C-8D3F-4CAE-84FB-3BAFFC69976B}
		{7B9EC44C-ED9B-45F5-972F-27F3FA539BBD} = {3D2DBC0C-8D3F-4CAE-84FB-3BAFFC69976B}
		{F1B5BE4F-27D4-49DA-AADF-FD8399115380} = {6F32950C-2D18-4D7A-851A-9F2AB1BA16B9}
		{CB3B9FDC-4346-4DA5-BEFD-E2FA0E0E1966} = {6F32950C-2D18-4D7A-851A-9F2AB1BA16B9}
		{85F9EC8D-E9FE-4E68-B9BB-491E46223AD1} = {6F515CCE-AAE5-42C5-9BCE-F85A46353066}
		{007471C9-03D1-43E0-94E2-38D80495B6B0} = {6F515CCE-AAE5-42C5-9BCE-F85A46353066}
		{F9C60D1E-1175-4C3E-81F6-C416CA57E09C} = {189018F0-ECE2-4539-ACC4-025642D0081B}
		{B7A689ED-3730-491D-912F-EA4CE93C412A} = {189018F0-ECE2-4539-ACC4-025642D0081B}
		{031B8BA0-F8A6-4B20-8315-9DA284AEFB48} = {BF463B4B-A340-4203-A537-91CB80CB967F}
		{8ED88D84-E56F-4166-95AE-8940112829DE} = {BF463B4B-A340-4203-A537-91CB80CB967F}
		{8A9BD7CD-D2AD-4429-9443-C6FC7EC16245} = {B16C0520-91A0-4A23-B808-B9FB7E0B9D68}
		{11122F67-6C41-41E9-B5BA-7C52CA2DD23C} = {B16C0520-91A0-4A23-B808-B9FB7E0B9D68}
		{095E1B2E-9864-4E47-A8CA-A8B9DD2C2DD0} = {5CC60B1E-EE0B-4787-A1ED-A31F40300ED8}
		{6E6CC032-30D9-4765-A132-6246B7C434CA} = {5CC60B1E-EE0B-4787-A1ED-A31F40300ED8}
		{75527481-C729-45F5-BCC5-C8254468D13A} = {BC7902D7-C0B0-421A-9A53-E12FCA942470}
		{195C73D1-0FA8-45F9-9781-AC83F204F0B5} = {BC7902D7-C0B0-421A-9A53-E12FCA942470}
		{AED31F36-6BBD-4FD6-8AA7-AF68D8098424} = {BF187885-1100-48BB-BC02-2AFE173A832B}
		{59D8E463-F161-419D-B52F-57154A12B2E1} = {BF187885-1100-48BB-BC02-2AFE173A832B}
		{5ACC9DBE-401E-4399-8557-791D8E9D543C} = {EC036011-93C3-438C-89D1-E02C55BF39CF}
		{E29EB2FE-CBB9-4746-A84D-9636FA5A2B63} = {EC036011-93C3-438C-89D1-E02C55BF39CF}
		{0E439072-5174-4C5D-B361-E51E8A6CFD81} = {2C406B60-3B8B-4281-8E29-4E8370610CBB}
		{8ED6556A-A1C1-443D-A134-078FB08D00F8} = {2C406B60-3B8B-4281-8E29-4E8370610CBB}
		{3E1849D2-5F0C-46B1-92D7-E68898972187} = {4F9E54D2-BFD8-45CD-B1ED-2ADD013D73F2}
		{AE038146-D404-40C8-9C7B-F4E4F6020A6C} = {4F9E54D2-BFD8-45CD-B1ED-2ADD013D73F2}
		{36C2A9BE-0001-4E29-8FBB-54028FF6D648} = {7610D58C-1C28-43C0-BB44-3AC0AE1A88BA}
		{3561B746-BA75-4E3D-A6F0-E26D3278F863} = {7610D58C-1C28-43C0-BB44-3AC0AE1A88BA}
	EndGlobalSection
	GlobalSection(ExtensibilityGlobals) = postSolution
		SolutionGuid = {6A253DD5-3B90-48C2-846E-2DE3C78209A3}
	EndGlobalSection
EndGlobal
